<Solution>
  <Folder Name="/Solution Items/">
    <File Path=".editorconfig" />
    <File Path=".gitignore" />
    <File Path="Architecture.Analyzer/README.md" />
    <File Path="Architecture.Analyzer/LICENSE.txt" />
    <File Path="Architecture.Analyzer/build/Architecture.Analyzer.targets" />
    <File Path=".github/workflows/architecture-analyzer-nuget.yml" />
  </Folder>
  <Project Path="Architecture.Analyzer/Architecture.Analyzer.csproj" />
  <Project Path="Architecture.Analyzer.Build/Architecture.Analyzer.Build.csproj" />
  <Project Path="Architecture.Analyzer.Tests/Architecture.Analyzer.Tests.csproj" />
</Solution>
